
Microsoft Visual Studio Solution File, Format Version 12.00
# Visual Studio Version 17
VisualStudioVersion = 17.11.35222.181
MinimumVisualStudioVersion = 10.0.40219.1
Project("{F184B08F-C81C-45F6-A57F-5ABD9991F28F}") = "MywindowsService", "MywindowsService.vbproj", "{F913A96C-E3F9-4CE4-AD37-55F00D54296B}"
EndProject
Global
	GlobalSection(SolutionConfigurationPlatforms) = preSolution
		Debug|Any CPU = Debug|Any CPU
		Release|Any CPU = Release|Any CPU
	EndGlobalSection
	GlobalSection(ProjectConfigurationPlatforms) = postSolution
		{F913A96C-E3F9-4CE4-AD37-55F00D54296B}.Debug|Any CPU.ActiveCfg = Debug|Any CPU
		{F913A96C-E3F9-4CE4-AD37-55F00D54296B}.Debug|Any CPU.Build.0 = Debug|Any CPU
		{F913A96C-E3F9-4CE4-AD37-55F00D54296B}.Release|Any CPU.ActiveCfg = Release|Any CPU
		{F913A96C-E3F9-4CE4-AD37-55F00D54296B}.Release|Any CPU.Build.0 = Release|Any CPU
	EndGlobalSection
	GlobalSection(SolutionProperties) = preSolution
		HideSolutionNode = FALSE
	EndGlobalSection
	GlobalSection(ExtensibilityGlobals) = postSolution
		SolutionGuid = {7ADD565A-B8B5-4812-9D99-69FA6A2C2570}
	EndGlobalSection
EndGlobal
